// !$*UTF8*$!
{
	archiveVersion = 1;
	classes = {
	};
	objectVersion = 56;
	objects = {

/* Begin PBXBuildFile section */
		46051FED2B66F0E600C614D2 /* Extensions.swift in Sources */ = {isa = PBXBuildFile; fileRef = 46051FEC2B66F0E600C614D2 /* Extensions.swift */; };
		46051FEF2B66F3F700C614D2 /* ExpenseView.swift in Sources */ = {isa = PBXBuildFile; fileRef = 46051FEE2B66F3F700C614D2 /* ExpenseView.swift */; };
		46051FF12B66FEAD00C614D2 /* InComeView.swift in Sources */ = {isa = PBXBuildFile; fileRef = 46051FF02B66FEAD00C614D2 /* InComeView.swift */; };
		46051FF32B67083100C614D2 /* DGCharts in Frameworks */ = {isa = PBXBuildFile; productRef = 46051FF22B67083100C614D2 /* DGCharts */; };
		46051FF52B67084200C614D2 /* SnapKit in Frameworks */ = {isa = PBXBuildFile; productRef = 46051FF42B67084200C614D2 /* SnapKit */; };
		460D1D842B64216100DA3E02 /* InvestmentView.swift in Sources */ = {isa = PBXBuildFile; fileRef = 460D1D832B64216100DA3E02 /* InvestmentView.swift */; };
		460D1D862B6423E600DA3E02 /* InvestmentTypeEntry.swift in Sources */ = {isa = PBXBuildFile; fileRef = 460D1D852B6423E600DA3E02 /* InvestmentTypeEntry.swift */; };
		460D1D882B64399A00DA3E02 /* InvestmentViewModel.swift in Sources */ = {isa = PBXBuildFile; fileRef = 460D1D872B64399A00DA3E02 /* InvestmentViewModel.swift */; };
		460D1D8A2B6450AC00DA3E02 /* InvestmentListViewController.swift in Sources */ = {isa = PBXBuildFile; fileRef = 460D1D892B6450AC00DA3E02 /* InvestmentListViewController.swift */; };
		460D1D8C2B6451C400DA3E02 /* InvestmentListView.swift in Sources */ = {isa = PBXBuildFile; fileRef = 460D1D8B2B6451C400DA3E02 /* InvestmentListView.swift */; };
		460D1D8E2B64526500DA3E02 /* InvestmentListViewModel.swift in Sources */ = {isa = PBXBuildFile; fileRef = 460D1D8D2B64526500DA3E02 /* InvestmentListViewModel.swift */; };
		464CBD7C2B6C2AA500553715 /* InComeViewModel.swift in Sources */ = {isa = PBXBuildFile; fileRef = 464CBD7B2B6C2AA500553715 /* InComeViewModel.swift */; };
		464CBD7E2B6C3C6D00553715 /* Ubuntu-Regular.ttf in Resources */ = {isa = PBXBuildFile; fileRef = 464CBD7D2B6C3C6D00553715 /* Ubuntu-Regular.ttf */; };
		464CBD802B6C40B900553715 /* SpaceGrotesk-VariableFont_wght.ttf in Resources */ = {isa = PBXBuildFile; fileRef = 464CBD7F2B6C40B900553715 /* SpaceGrotesk-VariableFont_wght.ttf */; };
		464CBD822B6C42E100553715 /* Comfortaa-VariableFont_wght.ttf in Resources */ = {isa = PBXBuildFile; fileRef = 464CBD812B6C42E100553715 /* Comfortaa-VariableFont_wght.ttf */; };
		467111C52B713EB30030AE1A /* ReceivablesViewModel.swift in Sources */ = {isa = PBXBuildFile; fileRef = 467111C42B713EB30030AE1A /* ReceivablesViewModel.swift */; };
		467111C72B7144C90030AE1A /* ReceiVablesListViewController.swift in Sources */ = {isa = PBXBuildFile; fileRef = 467111C62B7144C90030AE1A /* ReceiVablesListViewController.swift */; };
		467111C92B7145B60030AE1A /* ReceivablesListView.swift in Sources */ = {isa = PBXBuildFile; fileRef = 467111C82B7145B60030AE1A /* ReceivablesListView.swift */; };
		467111CB2B7146530030AE1A /* ReceivablesListViewModel.swift in Sources */ = {isa = PBXBuildFile; fileRef = 467111CA2B7146530030AE1A /* ReceivablesListViewModel.swift */; };
		4678BBE42B61C4DC00333CF1 /* Strings.swift in Sources */ = {isa = PBXBuildFile; fileRef = 4678BBE32B61C4DC00333CF1 /* Strings.swift */; };
		467E75992B6DA8A500162E0D /* ReceivablesViewController.swift in Sources */ = {isa = PBXBuildFile; fileRef = 467E75982B6DA8A500162E0D /* ReceivablesViewController.swift */; };
		4697B8E52B66B44A0021D591 /* GeneralExpense.swift in Sources */ = {isa = PBXBuildFile; fileRef = 4697B8E42B66B44A0021D591 /* GeneralExpense.swift */; };
		469D15BE2B598C3D00544E35 /* InComeEntryViewController.swift in Sources */ = {isa = PBXBuildFile; fileRef = 469D15BD2B598C3D00544E35 /* InComeEntryViewController.swift */; };
		469D15C12B598E9200544E35 /* InComeEntry.xcdatamodeld in Sources */ = {isa = PBXBuildFile; fileRef = 469D15BF2B598E9200544E35 /* InComeEntry.xcdatamodeld */; };
		469D15C32B598F6100544E35 /* InCome.swift in Sources */ = {isa = PBXBuildFile; fileRef = 469D15C22B598F6100544E35 /* InCome.swift */; };
		46A4BD1D2B6599AB009FF7B0 /* HomeViewModel.swift in Sources */ = {isa = PBXBuildFile; fileRef = 46A4BD1C2B6599AB009FF7B0 /* HomeViewModel.swift */; };
		46AF0ACC2B58550A00647EA1 /* FinanceCardCell.swift in Sources */ = {isa = PBXBuildFile; fileRef = 46AF0ACB2B58550A00647EA1 /* FinanceCardCell.swift */; };
		46AF0ACF2B585B2A00647EA1 /* InComeViewController.swift in Sources */ = {isa = PBXBuildFile; fileRef = 46AF0ACE2B585B2A00647EA1 /* InComeViewController.swift */; };
		46AF0AD22B585B6600647EA1 /* ExpenseViewController.swift in Sources */ = {isa = PBXBuildFile; fileRef = 46AF0AD12B585B6600647EA1 /* ExpenseViewController.swift */; };
		46AF0AD42B585B9700647EA1 /* InvestmentViewController.swift in Sources */ = {isa = PBXBuildFile; fileRef = 46AF0AD32B585B9700647EA1 /* InvestmentViewController.swift */; };
		46B42F122B69A22D000E976C /* TryViewController.swift in Sources */ = {isa = PBXBuildFile; fileRef = 46B42F112B69A22D000E976C /* TryViewController.swift */; };
		46B856192B6EEC9B004F5E56 /* Receivables.swift in Sources */ = {isa = PBXBuildFile; fileRef = 46B856182B6EEC9B004F5E56 /* Receivables.swift */; };
		46B8561B2B6EECDD004F5E56 /* ReceivablesView.swift in Sources */ = {isa = PBXBuildFile; fileRef = 46B8561A2B6EECDD004F5E56 /* ReceivablesView.swift */; };
		46BF14402B65C97100431683 /* GeneralExpenseViewController.swift in Sources */ = {isa = PBXBuildFile; fileRef = 46BF143F2B65C97100431683 /* GeneralExpenseViewController.swift */; };
		46BF14422B65CC7400431683 /* GeneralExpenseView.swift in Sources */ = {isa = PBXBuildFile; fileRef = 46BF14412B65CC7400431683 /* GeneralExpenseView.swift */; };
		46F2DD0B2B582610008792D0 /* AppDelegate.swift in Sources */ = {isa = PBXBuildFile; fileRef = 46F2DD0A2B582610008792D0 /* AppDelegate.swift */; };
		46F2DD0D2B582610008792D0 /* SceneDelegate.swift in Sources */ = {isa = PBXBuildFile; fileRef = 46F2DD0C2B582610008792D0 /* SceneDelegate.swift */; };
		46F2DD0F2B582610008792D0 /* HomeViewController.swift in Sources */ = {isa = PBXBuildFile; fileRef = 46F2DD0E2B582610008792D0 /* HomeViewController.swift */; };
		46F2DD142B582612008792D0 /* Assets.xcassets in Resources */ = {isa = PBXBuildFile; fileRef = 46F2DD132B582612008792D0 /* Assets.xcassets */; };
		46F2DD172B582612008792D0 /* LaunchScreen.storyboard in Resources */ = {isa = PBXBuildFile; fileRef = 46F2DD152B582612008792D0 /* LaunchScreen.storyboard */; };
		46F2DD252B582741008792D0 /* AppCoordinator.swift in Sources */ = {isa = PBXBuildFile; fileRef = 46F2DD242B582741008792D0 /* AppCoordinator.swift */; };
		46F2DD282B5827B4008792D0 /* Coordinator.swift in Sources */ = {isa = PBXBuildFile; fileRef = 46F2DD272B5827B4008792D0 /* Coordinator.swift */; };
		46F2DD302B582A0B008792D0 /* ManageOnBoardingViewController.swift in Sources */ = {isa = PBXBuildFile; fileRef = 46F2DD2F2B582A0B008792D0 /* ManageOnBoardingViewController.swift */; };
		46F2DD322B582A33008792D0 /* Colors.swift in Sources */ = {isa = PBXBuildFile; fileRef = 46F2DD312B582A33008792D0 /* Colors.swift */; };
		46F2DD342B582C0B008792D0 /* OnBoardingViewController1.swift in Sources */ = {isa = PBXBuildFile; fileRef = 46F2DD332B582C0B008792D0 /* OnBoardingViewController1.swift */; };
		46F2DD362B582C17008792D0 /* OnBoardingViewController2.swift in Sources */ = {isa = PBXBuildFile; fileRef = 46F2DD352B582C17008792D0 /* OnBoardingViewController2.swift */; };
		46F2DD382B582C58008792D0 /* OnBoardingViewController3.swift in Sources */ = {isa = PBXBuildFile; fileRef = 46F2DD372B582C58008792D0 /* OnBoardingViewController3.swift */; };
		46F2DD3A2B582C87008792D0 /* OnBoardingElements.swift in Sources */ = {isa = PBXBuildFile; fileRef = 46F2DD392B582C87008792D0 /* OnBoardingElements.swift */; };
		46F2DD3C2B582C98008792D0 /* Constants.swift in Sources */ = {isa = PBXBuildFile; fileRef = 46F2DD3B2B582C98008792D0 /* Constants.swift */; };
		46F2DD3E2B582E15008792D0 /* OnBoardingViewController4.swift in Sources */ = {isa = PBXBuildFile; fileRef = 46F2DD3D2B582E15008792D0 /* OnBoardingViewController4.swift */; };
		46F2DD402B582E2E008792D0 /* OnBoardingViewController5.swift in Sources */ = {isa = PBXBuildFile; fileRef = 46F2DD3F2B582E2E008792D0 /* OnBoardingViewController5.swift */; };
		46F34BDE2B6A815200C9F570 /* ExpenseViewModel.swift in Sources */ = {isa = PBXBuildFile; fileRef = 46F34BDD2B6A815200C9F570 /* ExpenseViewModel.swift */; };
		46FA24502B5B1A9000D2ACBE /* Fonts.swift in Sources */ = {isa = PBXBuildFile; fileRef = 46FA244F2B5B1A9000D2ACBE /* Fonts.swift */; };
		46FC99A62B5C683C0064A1F0 /* InComeEntryPickerView.swift in Sources */ = {isa = PBXBuildFile; fileRef = 46FC99A52B5C683C0064A1F0 /* InComeEntryPickerView.swift */; };
		46FC99A82B5C8B830064A1F0 /* Expense.swift in Sources */ = {isa = PBXBuildFile; fileRef = 46FC99A72B5C8B830064A1F0 /* Expense.swift */; };
		46FC99AA2B5C904F0064A1F0 /* ExpenseEntryViewController.swift in Sources */ = {isa = PBXBuildFile; fileRef = 46FC99A92B5C904F0064A1F0 /* ExpenseEntryViewController.swift */; };
		46FC99AC2B5C91E60064A1F0 /* ExpenseEntryView.swift in Sources */ = {isa = PBXBuildFile; fileRef = 46FC99AB2B5C91E60064A1F0 /* ExpenseEntryView.swift */; };
/* End PBXBuildFile section */

/* Begin PBXFileReference section */
		46051FEC2B66F0E600C614D2 /* Extensions.swift */ = {isa = PBXFileReference; lastKnownFileType = sourcecode.swift; path = Extensions.swift; sourceTree = "<group>"; };
		46051FEE2B66F3F700C614D2 /* ExpenseView.swift */ = {isa = PBXFileReference; lastKnownFileType = sourcecode.swift; path = ExpenseView.swift; sourceTree = "<group>"; };
		46051FF02B66FEAD00C614D2 /* InComeView.swift */ = {isa = PBXFileReference; lastKnownFileType = sourcecode.swift; path = InComeView.swift; sourceTree = "<group>"; };
		460D1D832B64216100DA3E02 /* InvestmentView.swift */ = {isa = PBXFileReference; lastKnownFileType = sourcecode.swift; path = InvestmentView.swift; sourceTree = "<group>"; };
		460D1D852B6423E600DA3E02 /* InvestmentTypeEntry.swift */ = {isa = PBXFileReference; lastKnownFileType = sourcecode.swift; path = InvestmentTypeEntry.swift; sourceTree = "<group>"; };
		460D1D872B64399A00DA3E02 /* InvestmentViewModel.swift */ = {isa = PBXFileReference; lastKnownFileType = sourcecode.swift; path = InvestmentViewModel.swift; sourceTree = "<group>"; };
		460D1D892B6450AC00DA3E02 /* InvestmentListViewController.swift */ = {isa = PBXFileReference; lastKnownFileType = sourcecode.swift; path = InvestmentListViewController.swift; sourceTree = "<group>"; };
		460D1D8B2B6451C400DA3E02 /* InvestmentListView.swift */ = {isa = PBXFileReference; lastKnownFileType = sourcecode.swift; path = InvestmentListView.swift; sourceTree = "<group>"; };
		460D1D8D2B64526500DA3E02 /* InvestmentListViewModel.swift */ = {isa = PBXFileReference; lastKnownFileType = sourcecode.swift; path = InvestmentListViewModel.swift; sourceTree = "<group>"; };
		464CBD7B2B6C2AA500553715 /* InComeViewModel.swift */ = {isa = PBXFileReference; lastKnownFileType = sourcecode.swift; path = InComeViewModel.swift; sourceTree = "<group>"; };
		464CBD7D2B6C3C6D00553715 /* Ubuntu-Regular.ttf */ = {isa = PBXFileReference; lastKnownFileType = file; path = "Ubuntu-Regular.ttf"; sourceTree = "<group>"; };
		464CBD7F2B6C40B900553715 /* SpaceGrotesk-VariableFont_wght.ttf */ = {isa = PBXFileReference; lastKnownFileType = file; path = "SpaceGrotesk-VariableFont_wght.ttf"; sourceTree = "<group>"; };
		464CBD812B6C42E100553715 /* Comfortaa-VariableFont_wght.ttf */ = {isa = PBXFileReference; lastKnownFileType = file; path = "Comfortaa-VariableFont_wght.ttf"; sourceTree = "<group>"; };
		467111C42B713EB30030AE1A /* ReceivablesViewModel.swift */ = {isa = PBXFileReference; lastKnownFileType = sourcecode.swift; path = ReceivablesViewModel.swift; sourceTree = "<group>"; };
		467111C62B7144C90030AE1A /* ReceiVablesListViewController.swift */ = {isa = PBXFileReference; lastKnownFileType = sourcecode.swift; path = ReceiVablesListViewController.swift; sourceTree = "<group>"; };
		467111C82B7145B60030AE1A /* ReceivablesListView.swift */ = {isa = PBXFileReference; lastKnownFileType = sourcecode.swift; path = ReceivablesListView.swift; sourceTree = "<group>"; };
		467111CA2B7146530030AE1A /* ReceivablesListViewModel.swift */ = {isa = PBXFileReference; lastKnownFileType = sourcecode.swift; path = ReceivablesListViewModel.swift; sourceTree = "<group>"; };
		4678BBE32B61C4DC00333CF1 /* Strings.swift */ = {isa = PBXFileReference; lastKnownFileType = sourcecode.swift; path = Strings.swift; sourceTree = "<group>"; };
		467E75982B6DA8A500162E0D /* ReceivablesViewController.swift */ = {isa = PBXFileReference; lastKnownFileType = sourcecode.swift; path = ReceivablesViewController.swift; sourceTree = "<group>"; };
		4697B8E42B66B44A0021D591 /* GeneralExpense.swift */ = {isa = PBXFileReference; lastKnownFileType = sourcecode.swift; path = GeneralExpense.swift; sourceTree = "<group>"; };
		469D15BD2B598C3D00544E35 /* InComeEntryViewController.swift */ = {isa = PBXFileReference; lastKnownFileType = sourcecode.swift; path = InComeEntryViewController.swift; sourceTree = "<group>"; };
		469D15C02B598E9200544E35 /* InComeEntry.xcdatamodel */ = {isa = PBXFileReference; lastKnownFileType = wrapper.xcdatamodel; path = InComeEntry.xcdatamodel; sourceTree = "<group>"; };
		469D15C22B598F6100544E35 /* InCome.swift */ = {isa = PBXFileReference; lastKnownFileType = sourcecode.swift; path = InCome.swift; sourceTree = "<group>"; };
		46A4BD1C2B6599AB009FF7B0 /* HomeViewModel.swift */ = {isa = PBXFileReference; lastKnownFileType = sourcecode.swift; path = HomeViewModel.swift; sourceTree = "<group>"; };
		46AF0ACB2B58550A00647EA1 /* FinanceCardCell.swift */ = {isa = PBXFileReference; lastKnownFileType = sourcecode.swift; path = FinanceCardCell.swift; sourceTree = "<group>"; };
		46AF0ACE2B585B2A00647EA1 /* InComeViewController.swift */ = {isa = PBXFileReference; lastKnownFileType = sourcecode.swift; path = InComeViewController.swift; sourceTree = "<group>"; };
		46AF0AD12B585B6600647EA1 /* ExpenseViewController.swift */ = {isa = PBXFileReference; lastKnownFileType = sourcecode.swift; path = ExpenseViewController.swift; sourceTree = "<group>"; };
		46AF0AD32B585B9700647EA1 /* InvestmentViewController.swift */ = {isa = PBXFileReference; lastKnownFileType = sourcecode.swift; path = InvestmentViewController.swift; sourceTree = "<group>"; };
		46B42F112B69A22D000E976C /* TryViewController.swift */ = {isa = PBXFileReference; lastKnownFileType = sourcecode.swift; path = TryViewController.swift; sourceTree = "<group>"; };
		46B856182B6EEC9B004F5E56 /* Receivables.swift */ = {isa = PBXFileReference; lastKnownFileType = sourcecode.swift; path = Receivables.swift; sourceTree = "<group>"; };
		46B8561A2B6EECDD004F5E56 /* ReceivablesView.swift */ = {isa = PBXFileReference; lastKnownFileType = sourcecode.swift; path = ReceivablesView.swift; sourceTree = "<group>"; };
		46BF143F2B65C97100431683 /* GeneralExpenseViewController.swift */ = {isa = PBXFileReference; lastKnownFileType = sourcecode.swift; path = GeneralExpenseViewController.swift; sourceTree = "<group>"; };
		46BF14412B65CC7400431683 /* GeneralExpenseView.swift */ = {isa = PBXFileReference; lastKnownFileType = sourcecode.swift; path = GeneralExpenseView.swift; sourceTree = "<group>"; };
		46F2DD072B582610008792D0 /* Compass.app */ = {isa = PBXFileReference; explicitFileType = wrapper.application; includeInIndex = 0; path = Compass.app; sourceTree = BUILT_PRODUCTS_DIR; };
		46F2DD0A2B582610008792D0 /* AppDelegate.swift */ = {isa = PBXFileReference; lastKnownFileType = sourcecode.swift; path = AppDelegate.swift; sourceTree = "<group>"; };
		46F2DD0C2B582610008792D0 /* SceneDelegate.swift */ = {isa = PBXFileReference; lastKnownFileType = sourcecode.swift; path = SceneDelegate.swift; sourceTree = "<group>"; };
		46F2DD0E2B582610008792D0 /* HomeViewController.swift */ = {isa = PBXFileReference; lastKnownFileType = sourcecode.swift; path = HomeViewController.swift; sourceTree = "<group>"; };
		46F2DD132B582612008792D0 /* Assets.xcassets */ = {isa = PBXFileReference; lastKnownFileType = folder.assetcatalog; path = Assets.xcassets; sourceTree = "<group>"; };
		46F2DD162B582612008792D0 /* Base */ = {isa = PBXFileReference; lastKnownFileType = file.storyboard; name = Base; path = Base.lproj/LaunchScreen.storyboard; sourceTree = "<group>"; };
		46F2DD182B582612008792D0 /* Info.plist */ = {isa = PBXFileReference; lastKnownFileType = text.plist.xml; path = Info.plist; sourceTree = "<group>"; };
		46F2DD242B582741008792D0 /* AppCoordinator.swift */ = {isa = PBXFileReference; lastKnownFileType = sourcecode.swift; path = AppCoordinator.swift; sourceTree = "<group>"; };
		46F2DD272B5827B4008792D0 /* Coordinator.swift */ = {isa = PBXFileReference; lastKnownFileType = sourcecode.swift; path = Coordinator.swift; sourceTree = "<group>"; };
		46F2DD2F2B582A0B008792D0 /* ManageOnBoardingViewController.swift */ = {isa = PBXFileReference; lastKnownFileType = sourcecode.swift; path = ManageOnBoardingViewController.swift; sourceTree = "<group>"; };
		46F2DD312B582A33008792D0 /* Colors.swift */ = {isa = PBXFileReference; lastKnownFileType = sourcecode.swift; path = Colors.swift; sourceTree = "<group>"; };
		46F2DD332B582C0B008792D0 /* OnBoardingViewController1.swift */ = {isa = PBXFileReference; lastKnownFileType = sourcecode.swift; path = OnBoardingViewController1.swift; sourceTree = "<group>"; };
		46F2DD352B582C17008792D0 /* OnBoardingViewController2.swift */ = {isa = PBXFileReference; lastKnownFileType = sourcecode.swift; path = OnBoardingViewController2.swift; sourceTree = "<group>"; };
		46F2DD372B582C58008792D0 /* OnBoardingViewController3.swift */ = {isa = PBXFileReference; lastKnownFileType = sourcecode.swift; path = OnBoardingViewController3.swift; sourceTree = "<group>"; };
		46F2DD392B582C87008792D0 /* OnBoardingElements.swift */ = {isa = PBXFileReference; lastKnownFileType = sourcecode.swift; path = OnBoardingElements.swift; sourceTree = "<group>"; };
		46F2DD3B2B582C98008792D0 /* Constants.swift */ = {isa = PBXFileReference; lastKnownFileType = sourcecode.swift; path = Constants.swift; sourceTree = "<group>"; };
		46F2DD3D2B582E15008792D0 /* OnBoardingViewController4.swift */ = {isa = PBXFileReference; lastKnownFileType = sourcecode.swift; path = OnBoardingViewController4.swift; sourceTree = "<group>"; };
		46F2DD3F2B582E2E008792D0 /* OnBoardingViewController5.swift */ = {isa = PBXFileReference; lastKnownFileType = sourcecode.swift; path = OnBoardingViewController5.swift; sourceTree = "<group>"; };
		46F34BDD2B6A815200C9F570 /* ExpenseViewModel.swift */ = {isa = PBXFileReference; lastKnownFileType = sourcecode.swift; path = ExpenseViewModel.swift; sourceTree = "<group>"; };
		46FA244F2B5B1A9000D2ACBE /* Fonts.swift */ = {isa = PBXFileReference; lastKnownFileType = sourcecode.swift; path = Fonts.swift; sourceTree = "<group>"; };
		46FC99A52B5C683C0064A1F0 /* InComeEntryPickerView.swift */ = {isa = PBXFileReference; lastKnownFileType = sourcecode.swift; path = InComeEntryPickerView.swift; sourceTree = "<group>"; };
		46FC99A72B5C8B830064A1F0 /* Expense.swift */ = {isa = PBXFileReference; lastKnownFileType = sourcecode.swift; path = Expense.swift; sourceTree = "<group>"; };
		46FC99A92B5C904F0064A1F0 /* ExpenseEntryViewController.swift */ = {isa = PBXFileReference; lastKnownFileType = sourcecode.swift; path = ExpenseEntryViewController.swift; sourceTree = "<group>"; };
		46FC99AB2B5C91E60064A1F0 /* ExpenseEntryView.swift */ = {isa = PBXFileReference; lastKnownFileType = sourcecode.swift; path = ExpenseEntryView.swift; sourceTree = "<group>"; };
/* End PBXFileReference section */

/* Begin PBXFrameworksBuildPhase section */
		46F2DD042B582610008792D0 /* Frameworks */ = {
			isa = PBXFrameworksBuildPhase;
			buildActionMask = 2147483647;
			files = (
				46051FF32B67083100C614D2 /* DGCharts in Frameworks */,
				46051FF52B67084200C614D2 /* SnapKit in Frameworks */,
			);
			runOnlyForDeploymentPostprocessing = 0;
		};
/* End PBXFrameworksBuildPhase section */

/* Begin PBXGroup section */
		469D15B72B5988D100544E35 /* SubModulesViews */ = {
			isa = PBXGroup;
			children = (
				46051FF02B66FEAD00C614D2 /* InComeView.swift */,
				46FC99A52B5C683C0064A1F0 /* InComeEntryPickerView.swift */,
				46051FEE2B66F3F700C614D2 /* ExpenseView.swift */,
				46FC99AB2B5C91E60064A1F0 /* ExpenseEntryView.swift */,
				46BF14412B65CC7400431683 /* GeneralExpenseView.swift */,
				460D1D8B2B6451C400DA3E02 /* InvestmentListView.swift */,
				460D1D832B64216100DA3E02 /* InvestmentView.swift */,
				46B8561A2B6EECDD004F5E56 /* ReceivablesView.swift */,
				467111C82B7145B60030AE1A /* ReceivablesListView.swift */,
			);
			path = SubModulesViews;
			sourceTree = "<group>";
		};
		46AF0ACD2B585B1900647EA1 /* SubModules */ = {
			isa = PBXGroup;
			children = (
				46AF0ACE2B585B2A00647EA1 /* InComeViewController.swift */,
				469D15BD2B598C3D00544E35 /* InComeEntryViewController.swift */,
				46AF0AD12B585B6600647EA1 /* ExpenseViewController.swift */,
				46FC99A92B5C904F0064A1F0 /* ExpenseEntryViewController.swift */,
				46BF143F2B65C97100431683 /* GeneralExpenseViewController.swift */,
				46AF0AD32B585B9700647EA1 /* InvestmentViewController.swift */,
				460D1D892B6450AC00DA3E02 /* InvestmentListViewController.swift */,
				46B42F112B69A22D000E976C /* TryViewController.swift */,
				467E75982B6DA8A500162E0D /* ReceivablesViewController.swift */,
				467111C62B7144C90030AE1A /* ReceiVablesListViewController.swift */,
			);
			path = SubModules;
			sourceTree = "<group>";
		};
		46AF0AD02B585B3F00647EA1 /* Home */ = {
			isa = PBXGroup;
			children = (
				46F2DD0E2B582610008792D0 /* HomeViewController.swift */,
			);
			path = Home;
			sourceTree = "<group>";
		};
		46F2DCFE2B582610008792D0 = {
			isa = PBXGroup;
			children = (
				46F2DD092B582610008792D0 /* Compass */,
				46F2DD082B582610008792D0 /* Products */,
			);
			sourceTree = "<group>";
		};
		46F2DD082B582610008792D0 /* Products */ = {
			isa = PBXGroup;
			children = (
				46F2DD072B582610008792D0 /* Compass.app */,
			);
			name = Products;
			sourceTree = "<group>";
		};
		46F2DD092B582610008792D0 /* Compass */ = {
			isa = PBXGroup;
			children = (
				46F2DD2E2B582998008792D0 /* OnBoarding */,
				46F2DD412B583125008792D0 /* Modules */,
				46F2DD212B5826DC008792D0 /* Coordinator */,
				46F2DD1E2B5826CD008792D0 /* Model */,
				46F2DD222B5826E5008792D0 /* Utils */,
				46F2DD232B5826EC008792D0 /* Others */,
				469D15BF2B598E9200544E35 /* InComeEntry.xcdatamodeld */,
			);
			path = Compass;
			sourceTree = "<group>";
		};
		46F2DD1E2B5826CD008792D0 /* Model */ = {
			isa = PBXGroup;
			children = (
				469D15C22B598F6100544E35 /* InCome.swift */,
				46FC99A72B5C8B830064A1F0 /* Expense.swift */,
				460D1D852B6423E600DA3E02 /* InvestmentTypeEntry.swift */,
				4697B8E42B66B44A0021D591 /* GeneralExpense.swift */,
				46B856182B6EEC9B004F5E56 /* Receivables.swift */,
			);
			path = Model;
			sourceTree = "<group>";
		};
		46F2DD1F2B5826D2008792D0 /* Views */ = {
			isa = PBXGroup;
			children = (
				46AF0ACB2B58550A00647EA1 /* FinanceCardCell.swift */,
				469D15B72B5988D100544E35 /* SubModulesViews */,
			);
			path = Views;
			sourceTree = "<group>";
		};
		46F2DD202B5826D7008792D0 /* ViewModel */ = {
			isa = PBXGroup;
			children = (
				46A4BD1C2B6599AB009FF7B0 /* HomeViewModel.swift */,
				464CBD7B2B6C2AA500553715 /* InComeViewModel.swift */,
				46F34BDD2B6A815200C9F570 /* ExpenseViewModel.swift */,
				460D1D872B64399A00DA3E02 /* InvestmentViewModel.swift */,
				460D1D8D2B64526500DA3E02 /* InvestmentListViewModel.swift */,
				467111C42B713EB30030AE1A /* ReceivablesViewModel.swift */,
				467111CA2B7146530030AE1A /* ReceivablesListViewModel.swift */,
			);
			path = ViewModel;
			sourceTree = "<group>";
		};
		46F2DD212B5826DC008792D0 /* Coordinator */ = {
			isa = PBXGroup;
			children = (
				46F2DD242B582741008792D0 /* AppCoordinator.swift */,
				46F2DD272B5827B4008792D0 /* Coordinator.swift */,
			);
			path = Coordinator;
			sourceTree = "<group>";
		};
		46F2DD222B5826E5008792D0 /* Utils */ = {
			isa = PBXGroup;
			children = (
				46F2DD312B582A33008792D0 /* Colors.swift */,
				46F2DD3B2B582C98008792D0 /* Constants.swift */,
				46FA244F2B5B1A9000D2ACBE /* Fonts.swift */,
				4678BBE32B61C4DC00333CF1 /* Strings.swift */,
				46051FEC2B66F0E600C614D2 /* Extensions.swift */,
			);
			path = Utils;
			sourceTree = "<group>";
		};
		46F2DD232B5826EC008792D0 /* Others */ = {
			isa = PBXGroup;
			children = (
				464CBD812B6C42E100553715 /* Comfortaa-VariableFont_wght.ttf */,
				464CBD7F2B6C40B900553715 /* SpaceGrotesk-VariableFont_wght.ttf */,
				464CBD7D2B6C3C6D00553715 /* Ubuntu-Regular.ttf */,
				46F2DD182B582612008792D0 /* Info.plist */,
				46F2DD0A2B582610008792D0 /* AppDelegate.swift */,
				46F2DD0C2B582610008792D0 /* SceneDelegate.swift */,
				46F2DD132B582612008792D0 /* Assets.xcassets */,
				46F2DD152B582612008792D0 /* LaunchScreen.storyboard */,
			);
			path = Others;
			sourceTree = "<group>";
		};
		46F2DD262B5827A7008792D0 /* ViewControllers */ = {
			isa = PBXGroup;
			children = (
				46AF0AD02B585B3F00647EA1 /* Home */,
				46AF0ACD2B585B1900647EA1 /* SubModules */,
			);
			path = ViewControllers;
			sourceTree = "<group>";
		};
		46F2DD2E2B582998008792D0 /* OnBoarding */ = {
			isa = PBXGroup;
			children = (
				46F2DD2F2B582A0B008792D0 /* ManageOnBoardingViewController.swift */,
				46F2DD332B582C0B008792D0 /* OnBoardingViewController1.swift */,
				46F2DD352B582C17008792D0 /* OnBoardingViewController2.swift */,
				46F2DD372B582C58008792D0 /* OnBoardingViewController3.swift */,
				46F2DD3D2B582E15008792D0 /* OnBoardingViewController4.swift */,
				46F2DD3F2B582E2E008792D0 /* OnBoardingViewController5.swift */,
				46F2DD392B582C87008792D0 /* OnBoardingElements.swift */,
			);
			path = OnBoarding;
			sourceTree = "<group>";
		};
		46F2DD412B583125008792D0 /* Modules */ = {
			isa = PBXGroup;
			children = (
				46F2DD262B5827A7008792D0 /* ViewControllers */,
				46F2DD1F2B5826D2008792D0 /* Views */,
				46F2DD202B5826D7008792D0 /* ViewModel */,
			);
			path = Modules;
			sourceTree = "<group>";
		};
/* End PBXGroup section */

/* Begin PBXNativeTarget section */
		46F2DD062B582610008792D0 /* Compass */ = {
			isa = PBXNativeTarget;
			buildConfigurationList = 46F2DD1B2B582612008792D0 /* Build configuration list for PBXNativeTarget "Compass" */;
			buildPhases = (
				46F2DD032B582610008792D0 /* Sources */,
				46F2DD042B582610008792D0 /* Frameworks */,
				46F2DD052B582610008792D0 /* Resources */,
			);
			buildRules = (
			);
			dependencies = (
			);
			name = Compass;
			packageProductDependencies = (
				46051FF22B67083100C614D2 /* DGCharts */,
				46051FF42B67084200C614D2 /* SnapKit */,
			);
			productName = Compass;
			productReference = 46F2DD072B582610008792D0 /* Compass.app */;
			productType = "com.apple.product-type.application";
		};
/* End PBXNativeTarget section */

/* Begin PBXProject section */
		46F2DCFF2B582610008792D0 /* Project object */ = {
			isa = PBXProject;
			attributes = {
				BuildIndependentTargetsInParallel = 1;
				LastSwiftUpdateCheck = 1500;
				LastUpgradeCheck = 1500;
				TargetAttributes = {
					46F2DD062B582610008792D0 = {
						CreatedOnToolsVersion = 15.0;
					};
				};
			};
			buildConfigurationList = 46F2DD022B582610008792D0 /* Build configuration list for PBXProject "Compass" */;
			compatibilityVersion = "Xcode 14.0";
			developmentRegion = en;
			hasScannedForEncodings = 0;
			knownRegions = (
				en,
				Base,
			);
			mainGroup = 46F2DCFE2B582610008792D0;
			packageReferences = (
				46F2DD292B58294B008792D0 /* XCRemoteSwiftPackageReference "SnapKit" */,
				469D15B82B598A8700544E35 /* XCRemoteSwiftPackageReference "Charts" */,
			);
			productRefGroup = 46F2DD082B582610008792D0 /* Products */;
			projectDirPath = "";
			projectRoot = "";
			targets = (
				46F2DD062B582610008792D0 /* Compass */,
			);
		};
/* End PBXProject section */

/* Begin PBXResourcesBuildPhase section */
		46F2DD052B582610008792D0 /* Resources */ = {
			isa = PBXResourcesBuildPhase;
			buildActionMask = 2147483647;
			files = (
				464CBD802B6C40B900553715 /* SpaceGrotesk-VariableFont_wght.ttf in Resources */,
				464CBD822B6C42E100553715 /* Comfortaa-VariableFont_wght.ttf in Resources */,
				464CBD7E2B6C3C6D00553715 /* Ubuntu-Regular.ttf in Resources */,
				46F2DD172B582612008792D0 /* LaunchScreen.storyboard in Resources */,
				46F2DD142B582612008792D0 /* Assets.xcassets in Resources */,
			);
			runOnlyForDeploymentPostprocessing = 0;
		};
/* End PBXResourcesBuildPhase section */

/* Begin PBXSourcesBuildPhase section */
		46F2DD032B582610008792D0 /* Sources */ = {
			isa = PBXSourcesBuildPhase;
			buildActionMask = 2147483647;
			files = (
				469D15C12B598E9200544E35 /* InComeEntry.xcdatamodeld in Sources */,
				460D1D842B64216100DA3E02 /* InvestmentView.swift in Sources */,
				46F2DD302B582A0B008792D0 /* ManageOnBoardingViewController.swift in Sources */,
				46B42F122B69A22D000E976C /* TryViewController.swift in Sources */,
				46AF0AD42B585B9700647EA1 /* InvestmentViewController.swift in Sources */,
				46F2DD342B582C0B008792D0 /* OnBoardingViewController1.swift in Sources */,
				46051FEF2B66F3F700C614D2 /* ExpenseView.swift in Sources */,
				46F2DD322B582A33008792D0 /* Colors.swift in Sources */,
				46F2DD252B582741008792D0 /* AppCoordinator.swift in Sources */,
				46051FED2B66F0E600C614D2 /* Extensions.swift in Sources */,
				467111C52B713EB30030AE1A /* ReceivablesViewModel.swift in Sources */,
				46051FF12B66FEAD00C614D2 /* InComeView.swift in Sources */,
				4678BBE42B61C4DC00333CF1 /* Strings.swift in Sources */,
				46AF0ACC2B58550A00647EA1 /* FinanceCardCell.swift in Sources */,
				460D1D862B6423E600DA3E02 /* InvestmentTypeEntry.swift in Sources */,
				460D1D882B64399A00DA3E02 /* InvestmentViewModel.swift in Sources */,
				46FC99AC2B5C91E60064A1F0 /* ExpenseEntryView.swift in Sources */,
				46F2DD3E2B582E15008792D0 /* OnBoardingViewController4.swift in Sources */,
				46FC99AA2B5C904F0064A1F0 /* ExpenseEntryViewController.swift in Sources */,
				46B8561B2B6EECDD004F5E56 /* ReceivablesView.swift in Sources */,
				46F2DD362B582C17008792D0 /* OnBoardingViewController2.swift in Sources */,
				46FC99A62B5C683C0064A1F0 /* InComeEntryPickerView.swift in Sources */,
				46F2DD0F2B582610008792D0 /* HomeViewController.swift in Sources */,
				46A4BD1D2B6599AB009FF7B0 /* HomeViewModel.swift in Sources */,
				46F2DD282B5827B4008792D0 /* Coordinator.swift in Sources */,
				46F2DD3C2B582C98008792D0 /* Constants.swift in Sources */,
				46B856192B6EEC9B004F5E56 /* Receivables.swift in Sources */,
				46BF14422B65CC7400431683 /* GeneralExpenseView.swift in Sources */,
				464CBD7C2B6C2AA500553715 /* InComeViewModel.swift in Sources */,
				46AF0ACF2B585B2A00647EA1 /* InComeViewController.swift in Sources */,
				46F2DD0B2B582610008792D0 /* AppDelegate.swift in Sources */,
				46FA24502B5B1A9000D2ACBE /* Fonts.swift in Sources */,
				467111CB2B7146530030AE1A /* ReceivablesListViewModel.swift in Sources */,
				469D15C32B598F6100544E35 /* InCome.swift in Sources */,
				46F2DD0D2B582610008792D0 /* SceneDelegate.swift in Sources */,
				460D1D8A2B6450AC00DA3E02 /* InvestmentListViewController.swift in Sources */,
				467111C92B7145B60030AE1A /* ReceivablesListView.swift in Sources */,
				46F34BDE2B6A815200C9F570 /* ExpenseViewModel.swift in Sources */,
				46FC99A82B5C8B830064A1F0 /* Expense.swift in Sources */,
				460D1D8E2B64526500DA3E02 /* InvestmentListViewModel.swift in Sources */,
				460D1D8C2B6451C400DA3E02 /* InvestmentListView.swift in Sources */,
				46F2DD402B582E2E008792D0 /* OnBoardingViewController5.swift in Sources */,
				46AF0AD22B585B6600647EA1 /* ExpenseViewController.swift in Sources */,
				46BF14402B65C97100431683 /* GeneralExpenseViewController.swift in Sources */,
				46F2DD382B582C58008792D0 /* OnBoardingViewController3.swift in Sources */,
				469D15BE2B598C3D00544E35 /* InComeEntryViewController.swift in Sources */,
				4697B8E52B66B44A0021D591 /* GeneralExpense.swift in Sources */,
				467E75992B6DA8A500162E0D /* ReceivablesViewController.swift in Sources */,
				467111C72B7144C90030AE1A /* ReceiVablesListViewController.swift in Sources */,
				46F2DD3A2B582C87008792D0 /* OnBoardingElements.swift in Sources */,
			);
			runOnlyForDeploymentPostprocessing = 0;
		};
/* End PBXSourcesBuildPhase section */

/* Begin PBXVariantGroup section */
		46F2DD152B582612008792D0 /* LaunchScreen.storyboard */ = {
			isa = PBXVariantGroup;
			children = (
				46F2DD162B582612008792D0 /* Base */,
			);
			name = LaunchScreen.storyboard;
			sourceTree = "<group>";
		};
/* End PBXVariantGroup section */

/* Begin XCBuildConfiguration section */
		46F2DD192B582612008792D0 /* Debug */ = {
			isa = XCBuildConfiguration;
			buildSettings = {
				ALWAYS_SEARCH_USER_PATHS = NO;
				ASSETCATALOG_COMPILER_GENERATE_SWIFT_ASSET_SYMBOL_EXTENSIONS = YES;
				CLANG_ANALYZER_NONNULL = YES;
				CLANG_ANALYZER_NUMBER_OBJECT_CONVERSION = YES_AGGRESSIVE;
				CLANG_CXX_LANGUAGE_STANDARD = "gnu++20";
				CLANG_ENABLE_MODULES = YES;
				CLANG_ENABLE_OBJC_ARC = YES;
				CLANG_ENABLE_OBJC_WEAK = YES;
				CLANG_WARN_BLOCK_CAPTURE_AUTORELEASING = YES;
				CLANG_WARN_BOOL_CONVERSION = YES;
				CLANG_WARN_COMMA = YES;
				CLANG_WARN_CONSTANT_CONVERSION = YES;
				CLANG_WARN_DEPRECATED_OBJC_IMPLEMENTATIONS = YES;
				CLANG_WARN_DIRECT_OBJC_ISA_USAGE = YES_ERROR;
				CLANG_WARN_DOCUMENTATION_COMMENTS = YES;
				CLANG_WARN_EMPTY_BODY = YES;
				CLANG_WARN_ENUM_CONVERSION = YES;
				CLANG_WARN_INFINITE_RECURSION = YES;
				CLANG_WARN_INT_CONVERSION = YES;
				CLANG_WARN_NON_LITERAL_NULL_CONVERSION = YES;
				CLANG_WARN_OBJC_IMPLICIT_RETAIN_SELF = YES;
				CLANG_WARN_OBJC_LITERAL_CONVERSION = YES;
				CLANG_WARN_OBJC_ROOT_CLASS = YES_ERROR;
				CLANG_WARN_QUOTED_INCLUDE_IN_FRAMEWORK_HEADER = YES;
				CLANG_WARN_RANGE_LOOP_ANALYSIS = YES;
				CLANG_WARN_STRICT_PROTOTYPES = YES;
				CLANG_WARN_SUSPICIOUS_MOVE = YES;
				CLANG_WARN_UNGUARDED_AVAILABILITY = YES_AGGRESSIVE;
				CLANG_WARN_UNREACHABLE_CODE = YES;
				CLANG_WARN__DUPLICATE_METHOD_MATCH = YES;
				COPY_PHASE_STRIP = NO;
				DEBUG_INFORMATION_FORMAT = dwarf;
				ENABLE_STRICT_OBJC_MSGSEND = YES;
				ENABLE_TESTABILITY = YES;
				ENABLE_USER_SCRIPT_SANDBOXING = YES;
				GCC_C_LANGUAGE_STANDARD = gnu17;
				GCC_DYNAMIC_NO_PIC = NO;
				GCC_NO_COMMON_BLOCKS = YES;
				GCC_OPTIMIZATION_LEVEL = 0;
				GCC_PREPROCESSOR_DEFINITIONS = (
					"DEBUG=1",
					"$(inherited)",
				);
				GCC_WARN_64_TO_32_BIT_CONVERSION = YES;
				GCC_WARN_ABOUT_RETURN_TYPE = YES_ERROR;
				GCC_WARN_UNDECLARED_SELECTOR = YES;
				GCC_WARN_UNINITIALIZED_AUTOS = YES_AGGRESSIVE;
				GCC_WARN_UNUSED_FUNCTION = YES;
				GCC_WARN_UNUSED_VARIABLE = YES;
				IPHONEOS_DEPLOYMENT_TARGET = 17.0;
				LOCALIZATION_PREFERS_STRING_CATALOGS = YES;
				MTL_ENABLE_DEBUG_INFO = INCLUDE_SOURCE;
				MTL_FAST_MATH = YES;
				ONLY_ACTIVE_ARCH = YES;
				SDKROOT = iphoneos;
				SWIFT_ACTIVE_COMPILATION_CONDITIONS = "DEBUG $(inherited)";
				SWIFT_OPTIMIZATION_LEVEL = "-Onone";
			};
			name = Debug;
		};
		46F2DD1A2B582612008792D0 /* Release */ = {
			isa = XCBuildConfiguration;
			buildSettings = {
				ALWAYS_SEARCH_USER_PATHS = NO;
				ASSETCATALOG_COMPILER_GENERATE_SWIFT_ASSET_SYMBOL_EXTENSIONS = YES;
				CLANG_ANALYZER_NONNULL = YES;
				CLANG_ANALYZER_NUMBER_OBJECT_CONVERSION = YES_AGGRESSIVE;
				CLANG_CXX_LANGUAGE_STANDARD = "gnu++20";
				CLANG_ENABLE_MODULES = YES;
				CLANG_ENABLE_OBJC_ARC = YES;
				CLANG_ENABLE_OBJC_WEAK = YES;
				CLANG_WARN_BLOCK_CAPTURE_AUTORELEASING = YES;
				CLANG_WARN_BOOL_CONVERSION = YES;
				CLANG_WARN_COMMA = YES;
				CLANG_WARN_CONSTANT_CONVERSION = YES;
				CLANG_WARN_DEPRECATED_OBJC_IMPLEMENTATIONS = YES;
				CLANG_WARN_DIRECT_OBJC_ISA_USAGE = YES_ERROR;
				CLANG_WARN_DOCUMENTATION_COMMENTS = YES;
				CLANG_WARN_EMPTY_BODY = YES;
				CLANG_WARN_ENUM_CONVERSION = YES;
				CLANG_WARN_INFINITE_RECURSION = YES;
				CLANG_WARN_INT_CONVERSION = YES;
				CLANG_WARN_NON_LITERAL_NULL_CONVERSION = YES;
				CLANG_WARN_OBJC_IMPLICIT_RETAIN_SELF = YES;
				CLANG_WARN_OBJC_LITERAL_CONVERSION = YES;
				CLANG_WARN_OBJC_ROOT_CLASS = YES_ERROR;
				CLANG_WARN_QUOTED_INCLUDE_IN_FRAMEWORK_HEADER = YES;
				CLANG_WARN_RANGE_LOOP_ANALYSIS = YES;
				CLANG_WARN_STRICT_PROTOTYPES = YES;
				CLANG_WARN_SUSPICIOUS_MOVE = YES;
				CLANG_WARN_UNGUARDED_AVAILABILITY = YES_AGGRESSIVE;
				CLANG_WARN_UNREACHABLE_CODE = YES;
				CLANG_WARN__DUPLICATE_METHOD_MATCH = YES;
				COPY_PHASE_STRIP = NO;
				DEBUG_INFORMATION_FORMAT = "dwarf-with-dsym";
				ENABLE_NS_ASSERTIONS = NO;
				ENABLE_STRICT_OBJC_MSGSEND = YES;
				ENABLE_USER_SCRIPT_SANDBOXING = YES;
				GCC_C_LANGUAGE_STANDARD = gnu17;
				GCC_NO_COMMON_BLOCKS = YES;
				GCC_WARN_64_TO_32_BIT_CONVERSION = YES;
				GCC_WARN_ABOUT_RETURN_TYPE = YES_ERROR;
				GCC_WARN_UNDECLARED_SELECTOR = YES;
				GCC_WARN_UNINITIALIZED_AUTOS = YES_AGGRESSIVE;
				GCC_WARN_UNUSED_FUNCTION = YES;
				GCC_WARN_UNUSED_VARIABLE = YES;
				IPHONEOS_DEPLOYMENT_TARGET = 17.0;
				LOCALIZATION_PREFERS_STRING_CATALOGS = YES;
				MTL_ENABLE_DEBUG_INFO = NO;
				MTL_FAST_MATH = YES;
				SDKROOT = iphoneos;
				SWIFT_COMPILATION_MODE = wholemodule;
				VALIDATE_PRODUCT = YES;
			};
			name = Release;
		};
		46F2DD1C2B582612008792D0 /* Debug */ = {
			isa = XCBuildConfiguration;
			buildSettings = {
				ASSETCATALOG_COMPILER_APPICON_NAME = AppIcon;
				ASSETCATALOG_COMPILER_GLOBAL_ACCENT_COLOR_NAME = AccentColor;
				CODE_SIGN_STYLE = Automatic;
				CURRENT_PROJECT_VERSION = 1;
				DEVELOPMENT_TEAM = HYWSXS9XNK;
				GENERATE_INFOPLIST_FILE = YES;
				INFOPLIST_FILE = Compass/Others/Info.plist;
				INFOPLIST_KEY_LSApplicationCategoryType = "public.app-category.utilities";
				INFOPLIST_KEY_UIApplicationSupportsIndirectInputEvents = YES;
				INFOPLIST_KEY_UILaunchStoryboardName = LaunchScreen;
				INFOPLIST_KEY_UISupportedInterfaceOrientations = UIInterfaceOrientationPortrait;
				IPHONEOS_DEPLOYMENT_TARGET = 15.0;
				LD_RUNPATH_SEARCH_PATHS = (
					"$(inherited)",
					"@executable_path/Frameworks",
				);
				MARKETING_VERSION = 1.0;
				PRODUCT_BUNDLE_IDENTIFIER = com.onuremren.Compass;
				PRODUCT_NAME = "$(TARGET_NAME)";
				SUPPORTED_PLATFORMS = "iphoneos iphonesimulator";
				SUPPORTS_MACCATALYST = NO;
				SUPPORTS_XR_DESIGNED_FOR_IPHONE_IPAD = NO;
				SWIFT_EMIT_LOC_STRINGS = YES;
				SWIFT_VERSION = 5.0;
				TARGETED_DEVICE_FAMILY = "1,2";
			};
			name = Debug;
		};
		46F2DD1D2B582612008792D0 /* Release */ = {
			isa = XCBuildConfiguration;
			buildSettings = {
				ASSETCATALOG_COMPILER_APPICON_NAME = AppIcon;
				ASSETCATALOG_COMPILER_GLOBAL_ACCENT_COLOR_NAME = AccentColor;
				CODE_SIGN_STYLE = Automatic;
				CURRENT_PROJECT_VERSION = 1;
				DEVELOPMENT_TEAM = HYWSXS9XNK;
				GENERATE_INFOPLIST_FILE = YES;
				INFOPLIST_FILE = Compass/Others/Info.plist;
				INFOPLIST_KEY_LSApplicationCategoryType = "public.app-category.utilities";
				INFOPLIST_KEY_UIApplicationSupportsIndirectInputEvents = YES;
				INFOPLIST_KEY_UILaunchStoryboardName = LaunchScreen;
				INFOPLIST_KEY_UISupportedInterfaceOrientations = UIInterfaceOrientationPortrait;
				IPHONEOS_DEPLOYMENT_TARGET = 15.0;
				LD_RUNPATH_SEARCH_PATHS = (
					"$(inherited)",
					"@executable_path/Frameworks",
				);
				MARKETING_VERSION = 1.0;
				PRODUCT_BUNDLE_IDENTIFIER = com.onuremren.Compass;
				PRODUCT_NAME = "$(TARGET_NAME)";
				SUPPORTED_PLATFORMS = "iphoneos iphonesimulator";
				SUPPORTS_MACCATALYST = NO;
				SUPPORTS_XR_DESIGNED_FOR_IPHONE_IPAD = NO;
				SWIFT_EMIT_LOC_STRINGS = YES;
				SWIFT_VERSION = 5.0;
				TARGETED_DEVICE_FAMILY = "1,2";
			};
			name = Release;
		};
/* End XCBuildConfiguration section */

/* Begin XCConfigurationList section */
		46F2DD022B582610008792D0 /* Build configuration list for PBXProject "Compass" */ = {
			isa = XCConfigurationList;
			buildConfigurations = (
				46F2DD192B582612008792D0 /* Debug */,
				46F2DD1A2B582612008792D0 /* Release */,
			);
			defaultConfigurationIsVisible = 0;
			defaultConfigurationName = Release;
		};
		46F2DD1B2B582612008792D0 /* Build configuration list for PBXNativeTarget "Compass" */ = {
			isa = XCConfigurationList;
			buildConfigurations = (
				46F2DD1C2B582612008792D0 /* Debug */,
				46F2DD1D2B582612008792D0 /* Release */,
			);
			defaultConfigurationIsVisible = 0;
			defaultConfigurationName = Release;
		};
/* End XCConfigurationList section */

/* Begin XCRemoteSwiftPackageReference section */
		469D15B82B598A8700544E35 /* XCRemoteSwiftPackageReference "Charts" */ = {
			isa = XCRemoteSwiftPackageReference;
			repositoryURL = "https://github.com/danielgindi/Charts.git";
			requirement = {
				kind = upToNextMajorVersion;
				minimumVersion = 5.0.0;
			};
		};
		46F2DD292B58294B008792D0 /* XCRemoteSwiftPackageReference "SnapKit" */ = {
			isa = XCRemoteSwiftPackageReference;
			repositoryURL = "https://github.com/SnapKit/SnapKit";
			requirement = {
				kind = upToNextMajorVersion;
				minimumVersion = 5.7.0;
			};
		};
/* End XCRemoteSwiftPackageReference section */

/* Begin XCSwiftPackageProductDependency section */
		46051FF22B67083100C614D2 /* DGCharts */ = {
			isa = XCSwiftPackageProductDependency;
			package = 469D15B82B598A8700544E35 /* XCRemoteSwiftPackageReference "Charts" */;
			productName = DGCharts;
		};
		46051FF42B67084200C614D2 /* SnapKit */ = {
			isa = XCSwiftPackageProductDependency;
			package = 46F2DD292B58294B008792D0 /* XCRemoteSwiftPackageReference "SnapKit" */;
			productName = SnapKit;
		};
/* End XCSwiftPackageProductDependency section */

/* Begin XCVersionGroup section */
		469D15BF2B598E9200544E35 /* InComeEntry.xcdatamodeld */ = {
			isa = XCVersionGroup;
			children = (
				469D15C02B598E9200544E35 /* InComeEntry.xcdatamodel */,
			);
			currentVersion = 469D15C02B598E9200544E35 /* InComeEntry.xcdatamodel */;
			path = InComeEntry.xcdatamodeld;
			sourceTree = "<group>";
			versionGroupType = wrapper.xcdatamodel;
		};
/* End XCVersionGroup section */
	};
	rootObject = 46F2DCFF2B582610008792D0 /* Project object */;
}
